{
	"name": "@ecomplus/widget-product",
	"version": "0.4.10",
	"lockfileVersion": 1,
	"requires": true,
	"dependencies": {
		"cleave.js": {
			"version": "1.5.3",
			"resolved": "https://registry.npmjs.org/cleave.js/-/cleave.js-1.5.3.tgz",
			"integrity": "sha512-tLum0abk+NRUZtMxpqLQS0jE9k2KYzsUlnMAqfMd2LAf8bb5xTHLHXTtPyI+dCk6DThtmWER3EzKfUi4NHdR7A=="
		},
		"vue-cleave-component": {
			"version": "2.1.3",
			"resolved": "https://registry.npmjs.org/vue-cleave-component/-/vue-cleave-component-2.1.3.tgz",
			"integrity": "sha512-/lfIo5ElkJyQU6ar9Rc3AjqpBvfKB5GMf+EsymF0QpAyWaDXoOTb2fVj6v2wpu5kj4l+Jd/BBAg4laYRKVzErA==",
			"requires": {
				"cleave.js": "^1.4.7"
			}
		}
	}
}
