{
  "name": "@ecomplus/storefront-app",
  "version": "2.0.0-beta.124",
  "lockfileVersion": 2,
  "requires": true,
  "packages": {
    "": {
      "name": "@ecomplus/storefront-app",
      "version": "2.0.0-beta.124",
      "license": "MIT",
      "dependencies": {
        "@ecomplus/client": "^2.2.1",
        "@ecomplus/i18n": "^1.27.0",
        "@ecomplus/passport-client": "^1.1.1",
        "@ecomplus/shopping-cart": "^2.5.5",
        "@ecomplus/storefront-components": "^1.0.0-beta.117",
        "@ecomplus/storefront-twbs": "^7.1.0",
        "axios": "^0.26.0",
        "card-validator": "^8.1.1",
        "cleave.js": "^1.6.0",
        "credit-card-type": "^9.1.0",
        "lodash.clonedeep": "^4.5.0",
        "vue": "^2.6.14",
        "vue-cleave-component": "^2.1.3",
        "vue-clipboard2": "^0.3.3",
        "vue-router": "^3.5.3",
        "vuex": "^3.6.2"
      },
      "peerDependencies": {
        "@ecomplus/utils": "^1.4.1"
      }
    },
    "../storefront-components": {
      "version": "1.0.0-beta.117",
      "license": "MIT",
      "dependencies": {
        "@brazilian-utils/brazilian-utils": "^1.0.0-rc.12",
        "@ecomplus/client": "^2.2.1",
        "@ecomplus/i18n": "^1.27.0",
        "@ecomplus/passport-client": "^1.1.1",
        "@ecomplus/search-engine": "^2.6.1",
        "@ecomplus/shopping-cart": "^2.5.5",
        "@ecomplus/storefront-twbs": "^7.1.0",
        "@glidejs/glide": "^3.5.2",
        "@linusborg/vue-simple-portal": "^0.1.5",
        "cleave.js": "^1.6.0",
        "lodash.clonedeep": "^4.5.0",
        "lozad": "^1.16.0",
        "photoswipe": "^4.1.3",
        "vue": "^2.6.14",
        "vue-cleave-component": "^2.1.3",
        "vue-social-sharing": "^3.0.9"
      },
      "peerDependencies": {
        "@ecomplus/utils": "^1.4.1"
      }
    },
    "../storefront-components/node_modules/@ecomplus/storefront-twbs": {
      "resolved": "../storefront-twbs",
      "link": true
    },
    "../storefront-components/node_modules/@ecomplus/utils": {
      "version": "1.4.1",
      "license": "MIT",
      "peer": true,
      "optionalDependencies": {
        "core-js": "^3.6.5"
      }
    },
    "../storefront-components/node_modules/@ecomplus/utils/node_modules/core-js": {
      "version": "3.21.1",
      "hasInstallScript": true,
      "license": "MIT",
      "optional": true,
      "peer": true,
      "funding": {
        "type": "opencollective",
        "url": "https://opencollective.com/core-js"
      }
    },
    "../storefront-twbs": {
      "version": "7.1.0",
      "license": "MIT",
      "dependencies": {
        "jquery": "3.6.0",
        "popper.js": "^1.16.1"
      }
    },
    "node_modules/@ecomplus/client": {
      "version": "2.2.1",
      "resolved": "https://registry.npmjs.org/@ecomplus/client/-/client-2.2.1.tgz",
      "integrity": "sha512-Hhq1MgzSlTWJ0Y/PZc5YkPhOmDsuIdrcrX8erzdBlrKDdApXoKD2pxC+KtlU2En141rFwwWzYdjJCp683nKFEA==",
      "dependencies": {
        "axios": "^0.21.1"
      },
      "optionalDependencies": {
        "core-js": "3.x"
      },
      "peerDependencies": {
        "@ecomplus/utils": "1.x"
      }
    },
    "node_modules/@ecomplus/client/node_modules/axios": {
      "version": "0.21.4",
      "resolved": "https://registry.npmjs.org/axios/-/axios-0.21.4.tgz",
      "integrity": "sha512-ut5vewkiu8jjGBdqpM44XxjuCjq9LAKeHVmoVfHVzy8eHgxxq8SbAVQNovDA8mVi05kP0Ea/n/UzcSHcTJQfNg==",
      "dependencies": {
        "follow-redirects": "^1.14.0"
      }
    },
    "node_modules/@ecomplus/i18n": {
      "version": "1.27.0",
      "resolved": "https://registry.npmjs.org/@ecomplus/i18n/-/i18n-1.27.0.tgz",
      "integrity": "sha512-CkfH5Y65s2H3uK5ipV5tFiF1qiTlkyPJC3retZo+vsdV8iYPhWBKpPuT+Xwj5LPufBL1GwYlu2eGwPbjk9SgrA=="
    },
    "node_modules/@ecomplus/passport-client": {
      "version": "1.1.1",
      "resolved": "https://registry.npmjs.org/@ecomplus/passport-client/-/passport-client-1.1.1.tgz",
      "integrity": "sha512-5SL0EOki09FH+kHhVxNe0N55jr2Kls/X3uQlD3IKCcmGPLgghOdGiPL+ZLMEVyxy+eNDe/f39EUuS+/jVQzHvQ==",
      "dependencies": {
        "@ecomplus/client": "^2.2.1",
        "eventemitter3": "^4.0.7"
      },
      "optionalDependencies": {
        "core-js": "^3.17.2"
      },
      "peerDependencies": {
        "@ecomplus/utils": "^1.4.1"
      }
    },
    "node_modules/@ecomplus/shopping-cart": {
      "version": "2.5.5",
      "resolved": "https://registry.npmjs.org/@ecomplus/shopping-cart/-/shopping-cart-2.5.5.tgz",
      "integrity": "sha512-iSHBy/2834pv9Vyw4CaiR6iKAnOBLD1bZVuIvpCFteyZ4stWxHGJl3yedtOXk83fj/C/b9M/DizxogxVxKQxDQ==",
      "dependencies": {
        "eventemitter3": "^4.0.7"
      },
      "optionalDependencies": {
        "core-js": "3.x"
      },
      "peerDependencies": {
        "@ecomplus/utils": "^1.4.1"
      }
    },
    "node_modules/@ecomplus/storefront-components": {
      "resolved": "../storefront-components",
      "link": true
    },
    "node_modules/@ecomplus/storefront-twbs": {
      "resolved": "../storefront-twbs",
      "link": true
    },
    "node_modules/@ecomplus/utils": {
      "version": "1.4.1",
      "resolved": "https://registry.npmjs.org/@ecomplus/utils/-/utils-1.4.1.tgz",
      "integrity": "sha512-siIMZu5qjwwtvFTqt/F29i/SkzZcIFrb/6WcmUJToh4HiBoJVx8H/id2WQRQf7EzcL9c0uYMWX6DNIN/DymvcA==",
      "peer": true,
      "optionalDependencies": {
        "core-js": "^3.6.5"
      }
    },
    "node_modules/axios": {
      "version": "0.26.1",
      "resolved": "https://registry.npmjs.org/axios/-/axios-0.26.1.tgz",
      "integrity": "sha512-fPwcX4EvnSHuInCMItEhAGnaSEXRBjtzh9fOtsE6E1G6p7vl7edEeZe11QHf18+6+9gR5PbKV/sGKNaD8YaMeA==",
      "dependencies": {
        "follow-redirects": "^1.14.8"
      }
    },
    "node_modules/card-validator": {
      "version": "8.1.1",
      "resolved": "https://registry.npmjs.org/card-validator/-/card-validator-8.1.1.tgz",
      "integrity": "sha512-cN4FsKwoTfTFnqPwVc7TQLSsH/QMDB3n/gWm0XelcApz4sKipnOQ6k33sa3bWsNnnIpgs7eXOF+mUV2UQAX2Sw==",
      "dependencies": {
        "credit-card-type": "^9.1.0"
      }
    },
    "node_modules/cleave.js": {
      "version": "1.6.0",
      "resolved": "https://registry.npmjs.org/cleave.js/-/cleave.js-1.6.0.tgz",
      "integrity": "sha512-ivqesy3j5hQVG3gywPfwKPbi/7ZSftY/UNp5uphnqjr25yI2CP8FS2ODQPzuLXXnNLi29e2+PgPkkiKUXLs/Nw=="
    },
    "node_modules/clipboard": {
      "version": "2.0.10",
      "resolved": "https://registry.npmjs.org/clipboard/-/clipboard-2.0.10.tgz",
      "integrity": "sha512-cz3m2YVwFz95qSEbCDi2fzLN/epEN9zXBvfgAoGkvGOJZATMl9gtTDVOtBYkx2ODUJl2kvmud7n32sV2BpYR4g==",
      "dependencies": {
        "good-listener": "^1.2.2",
        "select": "^1.1.2",
        "tiny-emitter": "^2.0.0"
      }
    },
    "node_modules/core-js": {
      "version": "3.21.1",
      "resolved": "https://registry.npmjs.org/core-js/-/core-js-3.21.1.tgz",
      "integrity": "sha512-FRq5b/VMrWlrmCzwRrpDYNxyHP9BcAZC+xHJaqTgIE5091ZV1NTmyh0sGOg5XqpnHvR0svdy0sv1gWA1zmhxig==",
      "hasInstallScript": true,
      "optional": true,
      "funding": {
        "type": "opencollective",
        "url": "https://opencollective.com/core-js"
      }
    },
    "node_modules/credit-card-type": {
      "version": "9.1.0",
      "resolved": "https://registry.npmjs.org/credit-card-type/-/credit-card-type-9.1.0.tgz",
      "integrity": "sha512-CpNFuLxiPFxuZqhSKml3M+t0K/484pMAnfYWH14JoD7OZMnmC0Lmo+P7JX9SobqFpRoo7ifA18kOHdxJywYPEA=="
    },
    "node_modules/delegate": {
      "version": "3.2.0",
      "resolved": "https://registry.npmjs.org/delegate/-/delegate-3.2.0.tgz",
      "integrity": "sha512-IofjkYBZaZivn0V8nnsMJGBr4jVLxHDheKSW88PyxS5QC4Vo9ZbZVvhzlSxY87fVq3STR6r+4cGepyHkcWOQSw=="
    },
    "node_modules/eventemitter3": {
      "version": "4.0.7",
      "resolved": "https://registry.npmjs.org/eventemitter3/-/eventemitter3-4.0.7.tgz",
      "integrity": "sha512-8guHBZCwKnFhYdHr2ysuRWErTwhoN2X8XELRlrRwpmfeY2jjuUN4taQMsULKUVo1K4DvZl+0pgfyoysHxvmvEw=="
    },
    "node_modules/follow-redirects": {
      "version": "1.14.9",
      "resolved": "https://registry.npmjs.org/follow-redirects/-/follow-redirects-1.14.9.tgz",
      "integrity": "sha512-MQDfihBQYMcyy5dhRDJUHcw7lb2Pv/TuE6xP1vyraLukNDHKbDxDNaOE3NbCAdKQApno+GPRyo1YAp89yCjK4w==",
      "funding": [
        {
          "type": "individual",
          "url": "https://github.com/sponsors/RubenVerborgh"
        }
      ],
      "engines": {
        "node": ">=4.0"
      },
      "peerDependenciesMeta": {
        "debug": {
          "optional": true
        }
      }
    },
    "node_modules/good-listener": {
      "version": "1.2.2",
      "resolved": "https://registry.npmjs.org/good-listener/-/good-listener-1.2.2.tgz",
      "integrity": "sha1-1TswzfkxPf+33JoNR3CWqm0UXFA=",
      "dependencies": {
        "delegate": "^3.1.2"
      }
    },
    "node_modules/lodash.clonedeep": {
      "version": "4.5.0",
      "resolved": "https://registry.npmjs.org/lodash.clonedeep/-/lodash.clonedeep-4.5.0.tgz",
      "integrity": "sha1-4j8/nE+Pvd6HJSnBBxhXoIblzO8="
    },
    "node_modules/select": {
      "version": "1.1.2",
      "resolved": "https://registry.npmjs.org/select/-/select-1.1.2.tgz",
      "integrity": "sha1-DnNQrN7ICxEIUoeG7B1EGNEbOW0="
    },
    "node_modules/tiny-emitter": {
      "version": "2.1.0",
      "resolved": "https://registry.npmjs.org/tiny-emitter/-/tiny-emitter-2.1.0.tgz",
      "integrity": "sha512-NB6Dk1A9xgQPMoGqC5CVXn123gWyte215ONT5Pp5a0yt4nlEoO1ZWeCwpncaekPHXO60i47ihFnZPiRPjRMq4Q=="
    },
    "node_modules/vue": {
      "version": "2.6.14",
      "resolved": "https://registry.npmjs.org/vue/-/vue-2.6.14.tgz",
      "integrity": "sha512-x2284lgYvjOMj3Za7kqzRcUSxBboHqtgRE2zlos1qWaOye5yUmHn42LB1250NJBLRwEcdrB0JRwyPTEPhfQjiQ=="
    },
    "node_modules/vue-cleave-component": {
      "version": "2.1.3",
      "resolved": "https://registry.npmjs.org/vue-cleave-component/-/vue-cleave-component-2.1.3.tgz",
      "integrity": "sha512-/lfIo5ElkJyQU6ar9Rc3AjqpBvfKB5GMf+EsymF0QpAyWaDXoOTb2fVj6v2wpu5kj4l+Jd/BBAg4laYRKVzErA==",
      "dependencies": {
        "cleave.js": "^1.4.7"
      },
      "engines": {
        "node": ">= 6.9.0",
        "npm": ">= 3.10.0"
      },
      "peerDependencies": {
        "vue": "^2.0.0"
      }
    },
    "node_modules/vue-clipboard2": {
      "version": "0.3.3",
      "resolved": "https://registry.npmjs.org/vue-clipboard2/-/vue-clipboard2-0.3.3.tgz",
      "integrity": "sha512-aNWXIL2DKgJyY/1OOeITwAQz1fHaCIGvUFHf9h8UcoQBG5a74MkdhS/xqoYe7DNZdQmZRL+TAdIbtUs9OyVjbw==",
      "dependencies": {
        "clipboard": "^2.0.0"
      }
    },
    "node_modules/vue-router": {
      "version": "3.5.3",
      "resolved": "https://registry.npmjs.org/vue-router/-/vue-router-3.5.3.tgz",
      "integrity": "sha512-FUlILrW3DGitS2h+Xaw8aRNvGTwtuaxrRkNSHWTizOfLUie7wuYwezeZ50iflRn8YPV5kxmU2LQuu3nM/b3Zsg=="
    },
    "node_modules/vuex": {
      "version": "3.6.2",
      "resolved": "https://registry.npmjs.org/vuex/-/vuex-3.6.2.tgz",
      "integrity": "sha512-ETW44IqCgBpVomy520DT5jf8n0zoCac+sxWnn+hMe/CzaSejb/eVw2YToiXYX+Ex/AuHHia28vWTq4goAexFbw==",
      "peerDependencies": {
        "vue": "^2.0.0"
      }
    }
  },
  "dependencies": {
    "@ecomplus/client": {
      "version": "2.2.1",
      "resolved": "https://registry.npmjs.org/@ecomplus/client/-/client-2.2.1.tgz",
      "integrity": "sha512-Hhq1MgzSlTWJ0Y/PZc5YkPhOmDsuIdrcrX8erzdBlrKDdApXoKD2pxC+KtlU2En141rFwwWzYdjJCp683nKFEA==",
      "requires": {
        "axios": "^0.21.1",
        "core-js": "3.x"
      },
      "dependencies": {
        "axios": {
          "version": "0.21.4",
          "resolved": "https://registry.npmjs.org/axios/-/axios-0.21.4.tgz",
          "integrity": "sha512-ut5vewkiu8jjGBdqpM44XxjuCjq9LAKeHVmoVfHVzy8eHgxxq8SbAVQNovDA8mVi05kP0Ea/n/UzcSHcTJQfNg==",
          "requires": {
            "follow-redirects": "^1.14.0"
          }
        }
      }
    },
    "@ecomplus/i18n": {
      "version": "1.27.0",
      "resolved": "https://registry.npmjs.org/@ecomplus/i18n/-/i18n-1.27.0.tgz",
      "integrity": "sha512-CkfH5Y65s2H3uK5ipV5tFiF1qiTlkyPJC3retZo+vsdV8iYPhWBKpPuT+Xwj5LPufBL1GwYlu2eGwPbjk9SgrA=="
    },
    "@ecomplus/passport-client": {
      "version": "1.1.1",
      "resolved": "https://registry.npmjs.org/@ecomplus/passport-client/-/passport-client-1.1.1.tgz",
      "integrity": "sha512-5SL0EOki09FH+kHhVxNe0N55jr2Kls/X3uQlD3IKCcmGPLgghOdGiPL+ZLMEVyxy+eNDe/f39EUuS+/jVQzHvQ==",
      "requires": {
        "@ecomplus/client": "^2.2.1",
        "core-js": "^3.17.2",
        "eventemitter3": "^4.0.7"
      }
    },
    "@ecomplus/shopping-cart": {
      "version": "2.5.5",
      "resolved": "https://registry.npmjs.org/@ecomplus/shopping-cart/-/shopping-cart-2.5.5.tgz",
      "integrity": "sha512-iSHBy/2834pv9Vyw4CaiR6iKAnOBLD1bZVuIvpCFteyZ4stWxHGJl3yedtOXk83fj/C/b9M/DizxogxVxKQxDQ==",
      "requires": {
        "core-js": "3.x",
        "eventemitter3": "^4.0.7"
      }
    },
    "@ecomplus/storefront-components": {
      "version": "file:../storefront-components",
      "requires": {
        "@brazilian-utils/brazilian-utils": "^1.0.0-rc.12",
        "@ecomplus/client": "^2.2.1",
        "@ecomplus/i18n": "^1.27.0",
        "@ecomplus/passport-client": "^1.1.1",
        "@ecomplus/search-engine": "^2.6.1",
        "@ecomplus/shopping-cart": "^2.5.5",
        "@ecomplus/storefront-twbs": "^7.1.0",
        "@glidejs/glide": "^3.5.2",
        "@linusborg/vue-simple-portal": "^0.1.5",
        "cleave.js": "^1.6.0",
        "lodash.clonedeep": "^4.5.0",
        "lozad": "^1.16.0",
        "photoswipe": "^4.1.3",
        "vue": "^2.6.14",
        "vue-cleave-component": "^2.1.3",
        "vue-social-sharing": "^3.0.9"
      },
      "dependencies": {
        "@ecomplus/storefront-twbs": {
          "version": "file:../storefront-twbs",
          "requires": {
            "jquery": "3.6.0",
            "popper.js": "^1.16.1"
          }
        },
        "@ecomplus/utils": {
          "version": "1.4.1",
          "peer": true,
          "requires": {
            "core-js": "^3.6.5"
          },
          "dependencies": {
            "core-js": {
              "version": "3.21.1",
              "optional": true,
              "peer": true
            }
          }
        }
      }
    },
    "@ecomplus/storefront-twbs": {
      "version": "file:../storefront-twbs",
      "requires": {
        "jquery": "3.6.0",
        "popper.js": "^1.16.1"
      }
    },
    "@ecomplus/utils": {
      "version": "1.4.1",
      "resolved": "https://registry.npmjs.org/@ecomplus/utils/-/utils-1.4.1.tgz",
      "integrity": "sha512-siIMZu5qjwwtvFTqt/F29i/SkzZcIFrb/6WcmUJToh4HiBoJVx8H/id2WQRQf7EzcL9c0uYMWX6DNIN/DymvcA==",
      "peer": true,
      "requires": {
        "core-js": "^3.6.5"
      }
    },
    "axios": {
      "version": "0.26.1",
      "resolved": "https://registry.npmjs.org/axios/-/axios-0.26.1.tgz",
      "integrity": "sha512-fPwcX4EvnSHuInCMItEhAGnaSEXRBjtzh9fOtsE6E1G6p7vl7edEeZe11QHf18+6+9gR5PbKV/sGKNaD8YaMeA==",
      "requires": {
        "follow-redirects": "^1.14.8"
      }
    },
    "card-validator": {
      "version": "8.1.1",
      "resolved": "https://registry.npmjs.org/card-validator/-/card-validator-8.1.1.tgz",
      "integrity": "sha512-cN4FsKwoTfTFnqPwVc7TQLSsH/QMDB3n/gWm0XelcApz4sKipnOQ6k33sa3bWsNnnIpgs7eXOF+mUV2UQAX2Sw==",
      "requires": {
        "credit-card-type": "^9.1.0"
      }
    },
    "cleave.js": {
      "version": "1.6.0",
      "resolved": "https://registry.npmjs.org/cleave.js/-/cleave.js-1.6.0.tgz",
      "integrity": "sha512-ivqesy3j5hQVG3gywPfwKPbi/7ZSftY/UNp5uphnqjr25yI2CP8FS2ODQPzuLXXnNLi29e2+PgPkkiKUXLs/Nw=="
    },
    "clipboard": {
      "version": "2.0.10",
      "resolved": "https://registry.npmjs.org/clipboard/-/clipboard-2.0.10.tgz",
      "integrity": "sha512-cz3m2YVwFz95qSEbCDi2fzLN/epEN9zXBvfgAoGkvGOJZATMl9gtTDVOtBYkx2ODUJl2kvmud7n32sV2BpYR4g==",
      "requires": {
        "good-listener": "^1.2.2",
        "select": "^1.1.2",
        "tiny-emitter": "^2.0.0"
      }
    },
    "core-js": {
      "version": "3.21.1",
      "resolved": "https://registry.npmjs.org/core-js/-/core-js-3.21.1.tgz",
      "integrity": "sha512-FRq5b/VMrWlrmCzwRrpDYNxyHP9BcAZC+xHJaqTgIE5091ZV1NTmyh0sGOg5XqpnHvR0svdy0sv1gWA1zmhxig==",
      "optional": true
    },
    "credit-card-type": {
      "version": "9.1.0",
      "resolved": "https://registry.npmjs.org/credit-card-type/-/credit-card-type-9.1.0.tgz",
      "integrity": "sha512-CpNFuLxiPFxuZqhSKml3M+t0K/484pMAnfYWH14JoD7OZMnmC0Lmo+P7JX9SobqFpRoo7ifA18kOHdxJywYPEA=="
    },
    "delegate": {
      "version": "3.2.0",
      "resolved": "https://registry.npmjs.org/delegate/-/delegate-3.2.0.tgz",
      "integrity": "sha512-IofjkYBZaZivn0V8nnsMJGBr4jVLxHDheKSW88PyxS5QC4Vo9ZbZVvhzlSxY87fVq3STR6r+4cGepyHkcWOQSw=="
    },
    "eventemitter3": {
      "version": "4.0.7",
      "resolved": "https://registry.npmjs.org/eventemitter3/-/eventemitter3-4.0.7.tgz",
      "integrity": "sha512-8guHBZCwKnFhYdHr2ysuRWErTwhoN2X8XELRlrRwpmfeY2jjuUN4taQMsULKUVo1K4DvZl+0pgfyoysHxvmvEw=="
    },
    "follow-redirects": {
      "version": "1.14.9",
      "resolved": "https://registry.npmjs.org/follow-redirects/-/follow-redirects-1.14.9.tgz",
      "integrity": "sha512-MQDfihBQYMcyy5dhRDJUHcw7lb2Pv/TuE6xP1vyraLukNDHKbDxDNaOE3NbCAdKQApno+GPRyo1YAp89yCjK4w=="
    },
    "good-listener": {
      "version": "1.2.2",
      "resolved": "https://registry.npmjs.org/good-listener/-/good-listener-1.2.2.tgz",
      "integrity": "sha1-1TswzfkxPf+33JoNR3CWqm0UXFA=",
      "requires": {
        "delegate": "^3.1.2"
      }
    },
    "lodash.clonedeep": {
      "version": "4.5.0",
      "resolved": "https://registry.npmjs.org/lodash.clonedeep/-/lodash.clonedeep-4.5.0.tgz",
      "integrity": "sha1-4j8/nE+Pvd6HJSnBBxhXoIblzO8="
    },
    "select": {
      "version": "1.1.2",
      "resolved": "https://registry.npmjs.org/select/-/select-1.1.2.tgz",
      "integrity": "sha1-DnNQrN7ICxEIUoeG7B1EGNEbOW0="
    },
    "tiny-emitter": {
      "version": "2.1.0",
      "resolved": "https://registry.npmjs.org/tiny-emitter/-/tiny-emitter-2.1.0.tgz",
      "integrity": "sha512-NB6Dk1A9xgQPMoGqC5CVXn123gWyte215ONT5Pp5a0yt4nlEoO1ZWeCwpncaekPHXO60i47ihFnZPiRPjRMq4Q=="
    },
    "vue": {
      "version": "2.6.14",
      "resolved": "https://registry.npmjs.org/vue/-/vue-2.6.14.tgz",
      "integrity": "sha512-x2284lgYvjOMj3Za7kqzRcUSxBboHqtgRE2zlos1qWaOye5yUmHn42LB1250NJBLRwEcdrB0JRwyPTEPhfQjiQ=="
    },
    "vue-cleave-component": {
      "version": "2.1.3",
      "resolved": "https://registry.npmjs.org/vue-cleave-component/-/vue-cleave-component-2.1.3.tgz",
      "integrity": "sha512-/lfIo5ElkJyQU6ar9Rc3AjqpBvfKB5GMf+EsymF0QpAyWaDXoOTb2fVj6v2wpu5kj4l+Jd/BBAg4laYRKVzErA==",
      "requires": {
        "cleave.js": "^1.4.7"
      }
    },
    "vue-clipboard2": {
      "version": "0.3.3",
      "resolved": "https://registry.npmjs.org/vue-clipboard2/-/vue-clipboard2-0.3.3.tgz",
      "integrity": "sha512-aNWXIL2DKgJyY/1OOeITwAQz1fHaCIGvUFHf9h8UcoQBG5a74MkdhS/xqoYe7DNZdQmZRL+TAdIbtUs9OyVjbw==",
      "requires": {
        "clipboard": "^2.0.0"
      }
    },
    "vue-router": {
      "version": "3.5.3",
      "resolved": "https://registry.npmjs.org/vue-router/-/vue-router-3.5.3.tgz",
      "integrity": "sha512-FUlILrW3DGitS2h+Xaw8aRNvGTwtuaxrRkNSHWTizOfLUie7wuYwezeZ50iflRn8YPV5kxmU2LQuu3nM/b3Zsg=="
    },
    "vuex": {
      "version": "3.6.2",
      "resolved": "https://registry.npmjs.org/vuex/-/vuex-3.6.2.tgz",
      "integrity": "sha512-ETW44IqCgBpVomy520DT5jf8n0zoCac+sxWnn+hMe/CzaSejb/eVw2YToiXYX+Ex/AuHHia28vWTq4goAexFbw==",
      "requires": {}
    }
  }
}
