{
	"name": "@ecomplus/storefront-components",
	"version": "1.0.0-beta.34",
	"lockfileVersion": 1,
	"requires": true,
	"dependencies": {
		"lodash.clonedeep": {
			"version": "4.5.0",
			"resolved": "https://registry.npmjs.org/lodash.clonedeep/-/lodash.clonedeep-4.5.0.tgz",
			"integrity": "sha1-4j8/nE+Pvd6HJSnBBxhXoIblzO8="
		}
	}
}
