{
  "name": "@ecomplus/storefront-components",
  "version": "1.0.0-beta.117",
  "lockfileVersion": 2,
  "requires": true,
  "packages": {
    "": {
      "name": "@ecomplus/storefront-components",
      "version": "1.0.0-beta.117",
      "license": "MIT",
      "dependencies": {
        "@brazilian-utils/brazilian-utils": "^1.0.0-rc.12",
        "@ecomplus/client": "^2.2.1",
        "@ecomplus/i18n": "^1.27.0",
        "@ecomplus/passport-client": "^1.1.1",
        "@ecomplus/search-engine": "^2.6.1",
        "@ecomplus/shopping-cart": "^2.5.5",
        "@ecomplus/storefront-twbs": "^7.1.0",
        "@glidejs/glide": "^3.5.2",
        "@linusborg/vue-simple-portal": "^0.1.5",
        "cleave.js": "^1.6.0",
        "lodash.clonedeep": "^4.5.0",
        "lozad": "^1.16.0",
        "photoswipe": "^4.1.3",
        "vue": "^2.6.14",
        "vue-cleave-component": "^2.1.3",
        "vue-social-sharing": "^3.0.9"
      },
      "peerDependencies": {
        "@ecomplus/utils": "^1.4.1"
      }
    },
    "../storefront-twbs": {
      "version": "7.1.0",
      "license": "MIT",
      "dependencies": {
        "jquery": "3.6.0",
        "popper.js": "^1.16.1"
      }
    },
    "node_modules/@brazilian-utils/brazilian-utils": {
      "version": "1.0.0-rc.12",
      "resolved": "https://registry.npmjs.org/@brazilian-utils/brazilian-utils/-/brazilian-utils-1.0.0-rc.12.tgz",
      "integrity": "sha512-gR5TbSKTgFgDe0/ZghgwqCEryLbHjwdEpvr3ao/Z0f8zRu6LD3lif0HJ3eQiC3pJSwtUPyA+97vm1IEqZkYSTA=="
    },
    "node_modules/@ecomplus/client": {
      "version": "2.2.1",
      "resolved": "https://registry.npmjs.org/@ecomplus/client/-/client-2.2.1.tgz",
      "integrity": "sha512-Hhq1MgzSlTWJ0Y/PZc5YkPhOmDsuIdrcrX8erzdBlrKDdApXoKD2pxC+KtlU2En141rFwwWzYdjJCp683nKFEA==",
      "dependencies": {
        "axios": "^0.21.1"
      },
      "optionalDependencies": {
        "core-js": "3.x"
      },
      "peerDependencies": {
        "@ecomplus/utils": "1.x"
      }
    },
    "node_modules/@ecomplus/i18n": {
      "version": "1.27.0",
      "resolved": "https://registry.npmjs.org/@ecomplus/i18n/-/i18n-1.27.0.tgz",
      "integrity": "sha512-CkfH5Y65s2H3uK5ipV5tFiF1qiTlkyPJC3retZo+vsdV8iYPhWBKpPuT+Xwj5LPufBL1GwYlu2eGwPbjk9SgrA=="
    },
    "node_modules/@ecomplus/passport-client": {
      "version": "1.1.1",
      "resolved": "https://registry.npmjs.org/@ecomplus/passport-client/-/passport-client-1.1.1.tgz",
      "integrity": "sha512-5SL0EOki09FH+kHhVxNe0N55jr2Kls/X3uQlD3IKCcmGPLgghOdGiPL+ZLMEVyxy+eNDe/f39EUuS+/jVQzHvQ==",
      "dependencies": {
        "@ecomplus/client": "^2.2.1",
        "eventemitter3": "^4.0.7"
      },
      "optionalDependencies": {
        "core-js": "^3.17.2"
      },
      "peerDependencies": {
        "@ecomplus/utils": "^1.4.1"
      }
    },
    "node_modules/@ecomplus/search-engine": {
      "version": "2.6.1",
      "resolved": "https://registry.npmjs.org/@ecomplus/search-engine/-/search-engine-2.6.1.tgz",
      "integrity": "sha512-O7M+vAikMLhNDToxvDA4IkVAKtC5GPe57xKN98uvZuDF5wsJDehdBrBWvX4rmJH2h5+wnUyQuRddzpzoGTBrfg==",
      "dependencies": {
        "@ecomplus/client": "^2.2.1",
        "lodash.clonedeep": "^4.5.0",
        "lodash.merge": "^4.6.2"
      },
      "optionalDependencies": {
        "core-js": "3.x"
      },
      "peerDependencies": {
        "@ecomplus/utils": "^1.4.1"
      }
    },
    "node_modules/@ecomplus/shopping-cart": {
      "version": "2.5.5",
      "resolved": "https://registry.npmjs.org/@ecomplus/shopping-cart/-/shopping-cart-2.5.5.tgz",
      "integrity": "sha512-iSHBy/2834pv9Vyw4CaiR6iKAnOBLD1bZVuIvpCFteyZ4stWxHGJl3yedtOXk83fj/C/b9M/DizxogxVxKQxDQ==",
      "dependencies": {
        "eventemitter3": "^4.0.7"
      },
      "optionalDependencies": {
        "core-js": "3.x"
      },
      "peerDependencies": {
        "@ecomplus/utils": "^1.4.1"
      }
    },
    "node_modules/@ecomplus/storefront-twbs": {
      "resolved": "../storefront-twbs",
      "link": true
    },
    "node_modules/@ecomplus/utils": {
      "version": "1.4.1",
      "resolved": "https://registry.npmjs.org/@ecomplus/utils/-/utils-1.4.1.tgz",
      "integrity": "sha512-siIMZu5qjwwtvFTqt/F29i/SkzZcIFrb/6WcmUJToh4HiBoJVx8H/id2WQRQf7EzcL9c0uYMWX6DNIN/DymvcA==",
      "license": "MIT",
      "peer": true,
      "optionalDependencies": {
        "core-js": "^3.6.5"
      }
    },
    "node_modules/@glidejs/glide": {
      "version": "3.5.2",
      "resolved": "https://registry.npmjs.org/@glidejs/glide/-/glide-3.5.2.tgz",
      "integrity": "sha512-7jGciNJ2bQ4eZLSNlSZ+VAyW63kALf420CvkEpK4lEsUfWJq9odqimci0YCiyNyMUFB+pWHwLYyNc57dijYsCg=="
    },
    "node_modules/@linusborg/vue-simple-portal": {
      "version": "0.1.5",
      "resolved": "https://registry.npmjs.org/@linusborg/vue-simple-portal/-/vue-simple-portal-0.1.5.tgz",
      "integrity": "sha512-dq+oubEVW4UabBoQxmH97GiDa+F6sTomw4KcXFHnXEpw69rdkXFCxo1WzwuvWjoLiUVYJTyN1dtlUvTa50VcXg==",
      "dependencies": {
        "nanoid": "^3.1.20"
      },
      "peerDependencies": {
        "vue": "^2.6.6"
      }
    },
    "node_modules/axios": {
      "version": "0.21.4",
      "resolved": "https://registry.npmjs.org/axios/-/axios-0.21.4.tgz",
      "integrity": "sha512-ut5vewkiu8jjGBdqpM44XxjuCjq9LAKeHVmoVfHVzy8eHgxxq8SbAVQNovDA8mVi05kP0Ea/n/UzcSHcTJQfNg==",
      "dependencies": {
        "follow-redirects": "^1.14.0"
      }
    },
    "node_modules/cleave.js": {
      "version": "1.6.0",
      "resolved": "https://registry.npmjs.org/cleave.js/-/cleave.js-1.6.0.tgz",
      "integrity": "sha512-ivqesy3j5hQVG3gywPfwKPbi/7ZSftY/UNp5uphnqjr25yI2CP8FS2ODQPzuLXXnNLi29e2+PgPkkiKUXLs/Nw=="
    },
    "node_modules/core-js": {
      "version": "3.21.1",
      "resolved": "https://registry.npmjs.org/core-js/-/core-js-3.21.1.tgz",
      "integrity": "sha512-FRq5b/VMrWlrmCzwRrpDYNxyHP9BcAZC+xHJaqTgIE5091ZV1NTmyh0sGOg5XqpnHvR0svdy0sv1gWA1zmhxig==",
      "hasInstallScript": true,
      "optional": true,
      "funding": {
        "type": "opencollective",
        "url": "https://opencollective.com/core-js"
      }
    },
    "node_modules/eventemitter3": {
      "version": "4.0.7",
      "resolved": "https://registry.npmjs.org/eventemitter3/-/eventemitter3-4.0.7.tgz",
      "integrity": "sha512-8guHBZCwKnFhYdHr2ysuRWErTwhoN2X8XELRlrRwpmfeY2jjuUN4taQMsULKUVo1K4DvZl+0pgfyoysHxvmvEw=="
    },
    "node_modules/follow-redirects": {
      "version": "1.14.9",
      "resolved": "https://registry.npmjs.org/follow-redirects/-/follow-redirects-1.14.9.tgz",
      "integrity": "sha512-MQDfihBQYMcyy5dhRDJUHcw7lb2Pv/TuE6xP1vyraLukNDHKbDxDNaOE3NbCAdKQApno+GPRyo1YAp89yCjK4w==",
      "funding": [
        {
          "type": "individual",
          "url": "https://github.com/sponsors/RubenVerborgh"
        }
      ],
      "engines": {
        "node": ">=4.0"
      },
      "peerDependenciesMeta": {
        "debug": {
          "optional": true
        }
      }
    },
    "node_modules/lodash.clonedeep": {
      "version": "4.5.0",
      "resolved": "https://registry.npmjs.org/lodash.clonedeep/-/lodash.clonedeep-4.5.0.tgz",
      "integrity": "sha1-4j8/nE+Pvd6HJSnBBxhXoIblzO8="
    },
    "node_modules/lodash.merge": {
      "version": "4.6.2",
      "resolved": "https://registry.npmjs.org/lodash.merge/-/lodash.merge-4.6.2.tgz",
      "integrity": "sha512-0KpjqXRVvrYyCsX1swR/XTK0va6VQkQM6MNo7PqW77ByjAhoARA8EfrP1N4+KlKj8YS0ZUCtRT/YUuhyYDujIQ=="
    },
    "node_modules/lozad": {
      "version": "1.16.0",
      "resolved": "https://registry.npmjs.org/lozad/-/lozad-1.16.0.tgz",
      "integrity": "sha512-JBr9WjvEFeKoyim3svo/gsQPTkgG/mOHJmDctZ/+U9H3ymUuvEkqpn8bdQMFsvTMcyRJrdJkLv0bXqGm0sP72w=="
    },
    "node_modules/nanoid": {
      "version": "3.3.1",
      "resolved": "https://registry.npmjs.org/nanoid/-/nanoid-3.3.1.tgz",
      "integrity": "sha512-n6Vs/3KGyxPQd6uO0eH4Bv0ojGSUvuLlIHtC3Y0kEO23YRge8H9x1GCzLn28YX0H66pMkxuaeESFq4tKISKwdw==",
      "bin": {
        "nanoid": "bin/nanoid.cjs"
      },
      "engines": {
        "node": "^10 || ^12 || ^13.7 || ^14 || >=15.0.1"
      }
    },
    "node_modules/photoswipe": {
      "version": "4.1.3",
      "resolved": "https://registry.npmjs.org/photoswipe/-/photoswipe-4.1.3.tgz",
      "integrity": "sha512-89Z43IRUyw7ycTolo+AaiDn3W1EEIfox54hERmm9bI12IB9cvRfHSHez3XhAyU8XW2EAFrC+2sKMhh7SJwn0bA==",
      "engines": {
        "node": ">= 0.8.0"
      }
    },
    "node_modules/vue": {
      "version": "2.6.14",
      "resolved": "https://registry.npmjs.org/vue/-/vue-2.6.14.tgz",
      "integrity": "sha512-x2284lgYvjOMj3Za7kqzRcUSxBboHqtgRE2zlos1qWaOye5yUmHn42LB1250NJBLRwEcdrB0JRwyPTEPhfQjiQ=="
    },
    "node_modules/vue-cleave-component": {
      "version": "2.1.3",
      "resolved": "https://registry.npmjs.org/vue-cleave-component/-/vue-cleave-component-2.1.3.tgz",
      "integrity": "sha512-/lfIo5ElkJyQU6ar9Rc3AjqpBvfKB5GMf+EsymF0QpAyWaDXoOTb2fVj6v2wpu5kj4l+Jd/BBAg4laYRKVzErA==",
      "dependencies": {
        "cleave.js": "^1.4.7"
      },
      "engines": {
        "node": ">= 6.9.0",
        "npm": ">= 3.10.0"
      },
      "peerDependencies": {
        "vue": "^2.0.0"
      }
    },
    "node_modules/vue-social-sharing": {
      "version": "3.0.9",
      "resolved": "https://registry.npmjs.org/vue-social-sharing/-/vue-social-sharing-3.0.9.tgz",
      "integrity": "sha512-Yg4oz5cSkr7ieMAgumwoRLnFhAaoUGCsN8lZE9yUkuQzbKid8yBOn4mLjfx/DA/E8nxYjunAfIUFs7eKIkBjPA==",
      "peerDependencies": {
        "vue": "^2.6.10"
      }
    }
  },
  "dependencies": {
    "@brazilian-utils/brazilian-utils": {
      "version": "1.0.0-rc.12",
      "resolved": "https://registry.npmjs.org/@brazilian-utils/brazilian-utils/-/brazilian-utils-1.0.0-rc.12.tgz",
      "integrity": "sha512-gR5TbSKTgFgDe0/ZghgwqCEryLbHjwdEpvr3ao/Z0f8zRu6LD3lif0HJ3eQiC3pJSwtUPyA+97vm1IEqZkYSTA=="
    },
    "@ecomplus/client": {
      "version": "2.2.1",
      "resolved": "https://registry.npmjs.org/@ecomplus/client/-/client-2.2.1.tgz",
      "integrity": "sha512-Hhq1MgzSlTWJ0Y/PZc5YkPhOmDsuIdrcrX8erzdBlrKDdApXoKD2pxC+KtlU2En141rFwwWzYdjJCp683nKFEA==",
      "requires": {
        "axios": "^0.21.1",
        "core-js": "3.x"
      }
    },
    "@ecomplus/i18n": {
      "version": "1.27.0",
      "resolved": "https://registry.npmjs.org/@ecomplus/i18n/-/i18n-1.27.0.tgz",
      "integrity": "sha512-CkfH5Y65s2H3uK5ipV5tFiF1qiTlkyPJC3retZo+vsdV8iYPhWBKpPuT+Xwj5LPufBL1GwYlu2eGwPbjk9SgrA=="
    },
    "@ecomplus/passport-client": {
      "version": "1.1.1",
      "resolved": "https://registry.npmjs.org/@ecomplus/passport-client/-/passport-client-1.1.1.tgz",
      "integrity": "sha512-5SL0EOki09FH+kHhVxNe0N55jr2Kls/X3uQlD3IKCcmGPLgghOdGiPL+ZLMEVyxy+eNDe/f39EUuS+/jVQzHvQ==",
      "requires": {
        "@ecomplus/client": "^2.2.1",
        "core-js": "^3.17.2",
        "eventemitter3": "^4.0.7"
      }
    },
    "@ecomplus/search-engine": {
      "version": "2.6.1",
      "resolved": "https://registry.npmjs.org/@ecomplus/search-engine/-/search-engine-2.6.1.tgz",
      "integrity": "sha512-O7M+vAikMLhNDToxvDA4IkVAKtC5GPe57xKN98uvZuDF5wsJDehdBrBWvX4rmJH2h5+wnUyQuRddzpzoGTBrfg==",
      "requires": {
        "@ecomplus/client": "^2.2.1",
        "core-js": "3.x",
        "lodash.clonedeep": "^4.5.0",
        "lodash.merge": "^4.6.2"
      }
    },
    "@ecomplus/shopping-cart": {
      "version": "2.5.5",
      "resolved": "https://registry.npmjs.org/@ecomplus/shopping-cart/-/shopping-cart-2.5.5.tgz",
      "integrity": "sha512-iSHBy/2834pv9Vyw4CaiR6iKAnOBLD1bZVuIvpCFteyZ4stWxHGJl3yedtOXk83fj/C/b9M/DizxogxVxKQxDQ==",
      "requires": {
        "core-js": "3.x",
        "eventemitter3": "^4.0.7"
      }
    },
    "@ecomplus/storefront-twbs": {
      "version": "file:../storefront-twbs",
      "requires": {
        "jquery": "3.6.0",
        "popper.js": "^1.16.1"
      }
    },
    "@ecomplus/utils": {
      "version": "1.4.1",
      "resolved": "https://registry.npmjs.org/@ecomplus/utils/-/utils-1.4.1.tgz",
      "integrity": "sha512-siIMZu5qjwwtvFTqt/F29i/SkzZcIFrb/6WcmUJToh4HiBoJVx8H/id2WQRQf7EzcL9c0uYMWX6DNIN/DymvcA==",
      "peer": true,
      "requires": {
        "core-js": "^3.6.5"
      }
    },
    "@glidejs/glide": {
      "version": "3.5.2",
      "resolved": "https://registry.npmjs.org/@glidejs/glide/-/glide-3.5.2.tgz",
      "integrity": "sha512-7jGciNJ2bQ4eZLSNlSZ+VAyW63kALf420CvkEpK4lEsUfWJq9odqimci0YCiyNyMUFB+pWHwLYyNc57dijYsCg=="
    },
    "@linusborg/vue-simple-portal": {
      "version": "0.1.5",
      "resolved": "https://registry.npmjs.org/@linusborg/vue-simple-portal/-/vue-simple-portal-0.1.5.tgz",
      "integrity": "sha512-dq+oubEVW4UabBoQxmH97GiDa+F6sTomw4KcXFHnXEpw69rdkXFCxo1WzwuvWjoLiUVYJTyN1dtlUvTa50VcXg==",
      "requires": {
        "nanoid": "^3.1.20"
      }
    },
    "axios": {
      "version": "0.21.4",
      "resolved": "https://registry.npmjs.org/axios/-/axios-0.21.4.tgz",
      "integrity": "sha512-ut5vewkiu8jjGBdqpM44XxjuCjq9LAKeHVmoVfHVzy8eHgxxq8SbAVQNovDA8mVi05kP0Ea/n/UzcSHcTJQfNg==",
      "requires": {
        "follow-redirects": "^1.14.0"
      }
    },
    "cleave.js": {
      "version": "1.6.0",
      "resolved": "https://registry.npmjs.org/cleave.js/-/cleave.js-1.6.0.tgz",
      "integrity": "sha512-ivqesy3j5hQVG3gywPfwKPbi/7ZSftY/UNp5uphnqjr25yI2CP8FS2ODQPzuLXXnNLi29e2+PgPkkiKUXLs/Nw=="
    },
    "core-js": {
      "version": "3.21.1",
      "resolved": "https://registry.npmjs.org/core-js/-/core-js-3.21.1.tgz",
      "integrity": "sha512-FRq5b/VMrWlrmCzwRrpDYNxyHP9BcAZC+xHJaqTgIE5091ZV1NTmyh0sGOg5XqpnHvR0svdy0sv1gWA1zmhxig==",
      "optional": true
    },
    "eventemitter3": {
      "version": "4.0.7",
      "resolved": "https://registry.npmjs.org/eventemitter3/-/eventemitter3-4.0.7.tgz",
      "integrity": "sha512-8guHBZCwKnFhYdHr2ysuRWErTwhoN2X8XELRlrRwpmfeY2jjuUN4taQMsULKUVo1K4DvZl+0pgfyoysHxvmvEw=="
    },
    "follow-redirects": {
      "version": "1.14.9",
      "resolved": "https://registry.npmjs.org/follow-redirects/-/follow-redirects-1.14.9.tgz",
      "integrity": "sha512-MQDfihBQYMcyy5dhRDJUHcw7lb2Pv/TuE6xP1vyraLukNDHKbDxDNaOE3NbCAdKQApno+GPRyo1YAp89yCjK4w=="
    },
    "lodash.clonedeep": {
      "version": "4.5.0",
      "resolved": "https://registry.npmjs.org/lodash.clonedeep/-/lodash.clonedeep-4.5.0.tgz",
      "integrity": "sha1-4j8/nE+Pvd6HJSnBBxhXoIblzO8="
    },
    "lodash.merge": {
      "version": "4.6.2",
      "resolved": "https://registry.npmjs.org/lodash.merge/-/lodash.merge-4.6.2.tgz",
      "integrity": "sha512-0KpjqXRVvrYyCsX1swR/XTK0va6VQkQM6MNo7PqW77ByjAhoARA8EfrP1N4+KlKj8YS0ZUCtRT/YUuhyYDujIQ=="
    },
    "lozad": {
      "version": "1.16.0",
      "resolved": "https://registry.npmjs.org/lozad/-/lozad-1.16.0.tgz",
      "integrity": "sha512-JBr9WjvEFeKoyim3svo/gsQPTkgG/mOHJmDctZ/+U9H3ymUuvEkqpn8bdQMFsvTMcyRJrdJkLv0bXqGm0sP72w=="
    },
    "nanoid": {
      "version": "3.3.1",
      "resolved": "https://registry.npmjs.org/nanoid/-/nanoid-3.3.1.tgz",
      "integrity": "sha512-n6Vs/3KGyxPQd6uO0eH4Bv0ojGSUvuLlIHtC3Y0kEO23YRge8H9x1GCzLn28YX0H66pMkxuaeESFq4tKISKwdw=="
    },
    "photoswipe": {
      "version": "4.1.3",
      "resolved": "https://registry.npmjs.org/photoswipe/-/photoswipe-4.1.3.tgz",
      "integrity": "sha512-89Z43IRUyw7ycTolo+AaiDn3W1EEIfox54hERmm9bI12IB9cvRfHSHez3XhAyU8XW2EAFrC+2sKMhh7SJwn0bA=="
    },
    "vue": {
      "version": "2.6.14",
      "resolved": "https://registry.npmjs.org/vue/-/vue-2.6.14.tgz",
      "integrity": "sha512-x2284lgYvjOMj3Za7kqzRcUSxBboHqtgRE2zlos1qWaOye5yUmHn42LB1250NJBLRwEcdrB0JRwyPTEPhfQjiQ=="
    },
    "vue-cleave-component": {
      "version": "2.1.3",
      "resolved": "https://registry.npmjs.org/vue-cleave-component/-/vue-cleave-component-2.1.3.tgz",
      "integrity": "sha512-/lfIo5ElkJyQU6ar9Rc3AjqpBvfKB5GMf+EsymF0QpAyWaDXoOTb2fVj6v2wpu5kj4l+Jd/BBAg4laYRKVzErA==",
      "requires": {
        "cleave.js": "^1.4.7"
      }
    },
    "vue-social-sharing": {
      "version": "3.0.9",
      "resolved": "https://registry.npmjs.org/vue-social-sharing/-/vue-social-sharing-3.0.9.tgz",
      "integrity": "sha512-Yg4oz5cSkr7ieMAgumwoRLnFhAaoUGCsN8lZE9yUkuQzbKid8yBOn4mLjfx/DA/E8nxYjunAfIUFs7eKIkBjPA==",
      "requires": {}
    }
  }
}
