{
	"name": "@ecomplus/storefront-framework",
	"version": "5.7.0",
	"lockfileVersion": 1,
	"requires": true,
	"dependencies": {
		"core-js": {
			"version": "3.6.4",
			"resolved": "https://registry.npmjs.org/core-js/-/core-js-3.6.4.tgz",
			"integrity": "sha512-4paDGScNgZP2IXXilaffL9X7968RuvwlkK3xWtZRVqgd8SYNiVKRJvkFd1aqqEuPfN7E68ZHEp9hDj6lHj4Hyw=="
		}
	}
}
