{
	"name": "@ecomplus/storefront-template",
	"version": "1.34.1",
	"lockfileVersion": 1,
	"requires": true,
	"dependencies": {
		"@ecomplus/client": {
			"version": "2.0.2",
			"resolved": "https://registry.npmjs.org/@ecomplus/client/-/client-2.0.2.tgz",
			"integrity": "sha512-lUJB+qW5eUao57GL+xW0zD2CvLGlGESoegYCayrBvgHdWilP2Lec0qLepqkeEjPIM+1UoDv4HJedcJzfulgLXw==",
			"requires": {
				"axios": "^0.19.0",
				"core-js": "3.x"
			}
		},
		"@ecomplus/passport-client": {
			"version": "1.0.6",
			"resolved": "https://registry.npmjs.org/@ecomplus/passport-client/-/passport-client-1.0.6.tgz",
			"integrity": "sha512-9559Ltn4eQSwWF+MRcu8t6uSciWlDAR+YTeICRnchgmXNu5tBhCeu6RWT14non4kofvCM0D6V/kBxGFMZ8+KCQ==",
			"requires": {
				"@ecomplus/client": "^2.0.2",
				"core-js": "3.x",
				"eventemitter3": "^4.0.0"
			}
		},
		"@ecomplus/search-engine": {
			"version": "2.0.3",
			"resolved": "https://registry.npmjs.org/@ecomplus/search-engine/-/search-engine-2.0.3.tgz",
			"integrity": "sha512-i4/rxpgusn4OdseIp/xbjMf03KupOVOL+D7EOv4eGYgTyzrJuByeRKcMAW6C50JJ4da9tczdvaaNqh284ucwow==",
			"requires": {
				"@ecomplus/client": "^2.0.2",
				"core-js": "3.x",
				"lodash.clonedeep": "^4.5.0",
				"lodash.merge": "^4.6.2"
			}
		},
		"@ecomplus/shopping-cart": {
			"version": "2.1.1",
			"resolved": "https://registry.npmjs.org/@ecomplus/shopping-cart/-/shopping-cart-2.1.1.tgz",
			"integrity": "sha512-nIc29qTHQ3UcqdvM83ITtnz+FPNNqVzDQUxi9BASFZhpCpqrwefapEuIE7HbKlZOhQgegRs6l0d5nYwAz6OQiA==",
			"requires": {
				"core-js": "3.x",
				"eventemitter3": "^4.0.0"
			}
		},
		"@ecomplus/storefront-twbs": {
			"version": "4.0.6",
			"resolved": "https://registry.npmjs.org/@ecomplus/storefront-twbs/-/storefront-twbs-4.0.6.tgz",
			"integrity": "sha512-QaptDcGGKtEoXexE2Sf2XE7ugtU7GJkErz5YrG3YnGpuiKSCNe8IbcdY6XmF73FKrh/y94jAaVwtvO9ljtH2hw=="
		},
		"@ecomplus/utils": {
			"version": "1.3.0",
			"resolved": "https://registry.npmjs.org/@ecomplus/utils/-/utils-1.3.0.tgz",
			"integrity": "sha512-1ut8VpYzMHNwXwRczt6O8JFrRTFNtS4j2Z8cuDpdhTiLUp6f34IgqNlUbvKqSTYGoFNcaG6+82Ivzg9P81ATxg==",
			"requires": {
				"core-js": "3.x"
			}
		},
		"@glidejs/glide": {
			"version": "3.4.1",
			"resolved": "https://registry.npmjs.org/@glidejs/glide/-/glide-3.4.1.tgz",
			"integrity": "sha512-C34AEcK1HjSyxilRToUL54I6KAoodojUbeRlXoruobZuG0eGm8xfDL+3kgkWj7AJK4EZtunSOYfoqMp70eDtwg=="
		},
		"axios": {
			"version": "0.19.2",
			"resolved": "https://registry.npmjs.org/axios/-/axios-0.19.2.tgz",
			"integrity": "sha512-fjgm5MvRHLhx+osE2xoekY70AhARk3a6hkN+3Io1jc00jtquGvxYlKlsFUhmUET0V5te6CcZI7lcv2Ym61mjHA==",
			"requires": {
				"follow-redirects": "1.5.10"
			}
		},
		"bootswatch": {
			"version": "4.4.1",
			"resolved": "https://registry.npmjs.org/bootswatch/-/bootswatch-4.4.1.tgz",
			"integrity": "sha512-Kx3z6+3Jpg9g6l/xZBCnc8d6KeJK0QawxCZWOomdcI5AuSZLZb+DoH5X9RJH+cOcSeMAxyzdIjkVUR01+Db5bQ=="
		},
		"core-js": {
			"version": "3.6.4",
			"resolved": "https://registry.npmjs.org/core-js/-/core-js-3.6.4.tgz",
			"integrity": "sha512-4paDGScNgZP2IXXilaffL9X7968RuvwlkK3xWtZRVqgd8SYNiVKRJvkFd1aqqEuPfN7E68ZHEp9hDj6lHj4Hyw=="
		},
		"debug": {
			"version": "3.1.0",
			"resolved": "https://registry.npmjs.org/debug/-/debug-3.1.0.tgz",
			"integrity": "sha512-OX8XqP7/1a9cqkxYw2yXss15f26NKWBpDXQd0/uK/KPqdQhxbPa994hnzjcE2VqQpDslf55723cKPUOGSmMY3g==",
			"requires": {
				"ms": "2.0.0"
			}
		},
		"ejs": {
			"version": "3.0.1",
			"resolved": "https://registry.npmjs.org/ejs/-/ejs-3.0.1.tgz",
			"integrity": "sha512-cuIMtJwxvzumSAkqaaoGY/L6Fc/t6YvoP9/VIaK0V/CyqKLEQ8sqODmYfy/cjXEdZ9+OOL8TecbJu+1RsofGDw=="
		},
		"eventemitter3": {
			"version": "4.0.0",
			"resolved": "https://registry.npmjs.org/eventemitter3/-/eventemitter3-4.0.0.tgz",
			"integrity": "sha512-qerSRB0p+UDEssxTtm6EDKcE7W4OaoisfIMl4CngyEhjpYglocpNg6UEqCvemdGhosAsg4sO2dXJOdyBifPGCg=="
		},
		"follow-redirects": {
			"version": "1.5.10",
			"resolved": "https://registry.npmjs.org/follow-redirects/-/follow-redirects-1.5.10.tgz",
			"integrity": "sha512-0V5l4Cizzvqt5D44aTXbFZz+FtyXV1vrDN6qrelxtfYQKW0KO0W2T/hkE8xvGa/540LkZlkaUjO4ailYTFtHVQ==",
			"requires": {
				"debug": "=3.1.0"
			}
		},
		"lodash.clonedeep": {
			"version": "4.5.0",
			"resolved": "https://registry.npmjs.org/lodash.clonedeep/-/lodash.clonedeep-4.5.0.tgz",
			"integrity": "sha1-4j8/nE+Pvd6HJSnBBxhXoIblzO8="
		},
		"lodash.merge": {
			"version": "4.6.2",
			"resolved": "https://registry.npmjs.org/lodash.merge/-/lodash.merge-4.6.2.tgz",
			"integrity": "sha512-0KpjqXRVvrYyCsX1swR/XTK0va6VQkQM6MNo7PqW77ByjAhoARA8EfrP1N4+KlKj8YS0ZUCtRT/YUuhyYDujIQ=="
		},
		"lozad": {
			"version": "1.14.0",
			"resolved": "https://registry.npmjs.org/lozad/-/lozad-1.14.0.tgz",
			"integrity": "sha512-uMGxpXBW15JDGVly3p121Y4jlb/OwmXpnMQR5vnb4GxMeK45NGcmlMrRr47fmLxtSdnGRFm0YdJaVXuudPKDaA=="
		},
		"ms": {
			"version": "2.0.0",
			"resolved": "https://registry.npmjs.org/ms/-/ms-2.0.0.tgz",
			"integrity": "sha1-VgiurfwAvmwpAd9fmGF4jeDVl8g="
		},
		"photoswipe": {
			"version": "4.1.3",
			"resolved": "https://registry.npmjs.org/photoswipe/-/photoswipe-4.1.3.tgz",
			"integrity": "sha512-89Z43IRUyw7ycTolo+AaiDn3W1EEIfox54hERmm9bI12IB9cvRfHSHez3XhAyU8XW2EAFrC+2sKMhh7SJwn0bA=="
		},
		"vue": {
			"version": "2.6.11",
			"resolved": "https://registry.npmjs.org/vue/-/vue-2.6.11.tgz",
			"integrity": "sha512-VfPwgcGABbGAue9+sfrD4PuwFar7gPb1yl1UK1MwXoQPAw0BKSqWfoYCT/ThFrdEVWoI51dBuyCoiNU9bZDZxQ=="
		}
	}
}
